
Microsoft Visual Studio Solution File, Format Version 12.00
# Visual Studio Version 17
VisualStudioVersion = 17.11.35431.28
MinimumVisualStudioVersion = 10.0.40219.1
Project("{9A19103F-16F7-4668-BE54-9A1E7A4F7556}") = "Donatas.Core", "Core\Donatas.Core.csproj", "{3F8AADC4-94AD-4CD3-9B46-6DCAA7C72D6C}"
EndProject
Project("{9A19103F-16F7-4668-BE54-9A1E7A4F7556}") = "DemoApi", "DemoApi\DemoApi.csproj", "{6CC8371F-88EE-483E-9AC8-5D4451AF6B05}"
EndProject
Global
	GlobalSection(SolutionConfigurationPlatforms) = preSolution
		Debug|Any CPU = Debug|Any CPU
		Release|Any CPU = Release|Any CPU
	EndGlobalSection
	GlobalSection(ProjectConfigurationPlatforms) = postSolution
		{3F8AADC4-94AD-4CD3-9B46-6DCAA7C72D6C}.Debug|Any CPU.ActiveCfg = Debug|Any CPU
		{3F8AADC4-94AD-4CD3-9B46-6DCAA7C72D6C}.Debug|Any CPU.Build.0 = Debug|Any CPU
		{3F8AADC4-94AD-4CD3-9B46-6DCAA7C72D6C}.Release|Any CPU.ActiveCfg = Release|Any CPU
		{3F8AADC4-94AD-4CD3-9B46-6DCAA7C72D6C}.Release|Any CPU.Build.0 = Release|Any CPU
		{6CC8371F-88EE-483E-9AC8-5D4451AF6B05}.Debug|Any CPU.ActiveCfg = Debug|Any CPU
		{6CC8371F-88EE-483E-9AC8-5D4451AF6B05}.Debug|Any CPU.Build.0 = Debug|Any CPU
		{6CC8371F-88EE-483E-9AC8-5D4451AF6B05}.Release|Any CPU.ActiveCfg = Release|Any CPU
		{6CC8371F-88EE-483E-9AC8-5D4451AF6B05}.Release|Any CPU.Build.0 = Release|Any CPU
	EndGlobalSection
	GlobalSection(SolutionProperties) = preSolution
		HideSolutionNode = FALSE
	EndGlobalSection
	GlobalSection(ExtensibilityGlobals) = postSolution
		SolutionGuid = {CC82EB8E-9200-4B99-B6C9-F8D70179540C}
	EndGlobalSection
EndGlobal
